
Microsoft Visual Studio Solution File, Format Version 12.00
# Visual Studio Version 17
VisualStudioVersion = 17.4.33213.308
MinimumVisualStudioVersion = 10.0.40219.1
Project("{FAE04EC0-301F-11D3-BF4B-00C04F79EFBC}") = "Wpf5", "Wpf5\Wpf5.csproj", "{73C8212D-2737-48BB-B76D-77294C581B3C}"
EndProject
Global
	GlobalSection(SolutionConfigurationPlatforms) = preSolution
		Debug|Any CPU = Debug|Any CPU
		Release|Any CPU = Release|Any CPU
	EndGlobalSection
	GlobalSection(ProjectConfigurationPlatforms) = postSolution
		{73C8212D-2737-48BB-B76D-77294C581B3C}.Debug|Any CPU.ActiveCfg = Debug|Any CPU
		{73C8212D-2737-48BB-B76D-77294C581B3C}.Debug|Any CPU.Build.0 = Debug|Any CPU
		{73C8212D-2737-48BB-B76D-77294C581B3C}.Release|Any CPU.ActiveCfg = Release|Any CPU
		{73C8212D-2737-48BB-B76D-77294C581B3C}.Release|Any CPU.Build.0 = Release|Any CPU
	EndGlobalSection
	GlobalSection(SolutionProperties) = preSolution
		HideSolutionNode = FALSE
	EndGlobalSection
	GlobalSection(ExtensibilityGlobals) = postSolution
		SolutionGuid = {EC822B39-A211-4B5B-AD28-BFCAE58B4170}
	EndGlobalSection
EndGlobal
